
Microsoft Visual Studio Solution File, Format Version 12.00
# Visual Studio 15
Project("{FAE04EC0-301F-11D3-BF4B-00C04F79EFBC}") = "Assembly-CSharp-firstpass", "Assembly-CSharp-firstpass.csproj", "{38C3F7DD-D602-A111-A606-7E37B5D83A87}"
EndProject
Project("{FAE04EC0-301F-11D3-BF4B-00C04F79EFBC}") = "Assembly-CSharp", "Assembly-CSharp.csproj", "{4B55A204-69D0-F6F1-B1F5-154C01E9C582}"
EndProject
Project("{FAE04EC0-301F-11D3-BF4B-00C04F79EFBC}") = "Assembly-CSharp-Editor-firstpass", "Assembly-CSharp-Editor-firstpass.csproj", "{019410B0-B614-3AF2-3A32-6F1B19C01D71}"
EndProject
Global
	GlobalSection(SolutionConfigurationPlatforms) = preSolution
		Debug|Any CPU = Debug|Any CPU
		Release|Any CPU = Release|Any CPU
	EndGlobalSection
	GlobalSection(ProjectConfigurationPlatforms) = postSolution
		{38C3F7DD-D602-A111-A606-7E37B5D83A87}.Debug|Any CPU.ActiveCfg = Debug|Any CPU
		{38C3F7DD-D602-A111-A606-7E37B5D83A87}.Debug|Any CPU.Build.0 = Debug|Any CPU
		{38C3F7DD-D602-A111-A606-7E37B5D83A87}.Release|Any CPU.ActiveCfg = Release|Any CPU
		{38C3F7DD-D602-A111-A606-7E37B5D83A87}.Release|Any CPU.Build.0 = Release|Any CPU
		{4B55A204-69D0-F6F1-B1F5-154C01E9C582}.Debug|Any CPU.ActiveCfg = Debug|Any CPU
		{4B55A204-69D0-F6F1-B1F5-154C01E9C582}.Debug|Any CPU.Build.0 = Debug|Any CPU
		{4B55A204-69D0-F6F1-B1F5-154C01E9C582}.Release|Any CPU.ActiveCfg = Release|Any CPU
		{4B55A204-69D0-F6F1-B1F5-154C01E9C582}.Release|Any CPU.Build.0 = Release|Any CPU
		{019410B0-B614-3AF2-3A32-6F1B19C01D71}.Debug|Any CPU.ActiveCfg = Debug|Any CPU
		{019410B0-B614-3AF2-3A32-6F1B19C01D71}.Debug|Any CPU.Build.0 = Debug|Any CPU
		{019410B0-B614-3AF2-3A32-6F1B19C01D71}.Release|Any CPU.ActiveCfg = Release|Any CPU
		{019410B0-B614-3AF2-3A32-6F1B19C01D71}.Release|Any CPU.Build.0 = Release|Any CPU
	EndGlobalSection
	GlobalSection(SolutionProperties) = preSolution
		HideSolutionNode = FALSE
	EndGlobalSection
EndGlobal
